
Microsoft Visual Studio Solution File, Format Version 12.00
# Visual Studio Version 16
VisualStudioVersion = 16.0.30523.141
MinimumVisualStudioVersion = 10.0.40219.1
Project("{FAE04EC0-301F-11D3-BF4B-00C04F79EFBC}") = "WindowsFormsApp2", "WindowsFormsApp2\WindowsFormsApp2.csproj", "{B2D125DC-66DF-4982-A27C-34FD64B1AB98}"
EndProject
Global
	GlobalSection(SolutionConfigurationPlatforms) = preSolution
		Debug|Any CPU = Debug|Any CPU
		Release|Any CPU = Release|Any CPU
	EndGlobalSection
	GlobalSection(ProjectConfigurationPlatforms) = postSolution
		{B2D125DC-66DF-4982-A27C-34FD64B1AB98}.Debug|Any CPU.ActiveCfg = Debug|Any CPU
		{B2D125DC-66DF-4982-A27C-34FD64B1AB98}.Debug|Any CPU.Build.0 = Debug|Any CPU
		{B2D125DC-66DF-4982-A27C-34FD64B1AB98}.Release|Any CPU.ActiveCfg = Release|Any CPU
		{B2D125DC-66DF-4982-A27C-34FD64B1AB98}.Release|Any CPU.Build.0 = Release|Any CPU
	EndGlobalSection
	GlobalSection(SolutionProperties) = preSolution
		HideSolutionNode = FALSE
	EndGlobalSection
	GlobalSection(ExtensibilityGlobals) = postSolution
		SolutionGuid = {41A61C51-11C6-41B1-953E-8A4B8224E83B}
	EndGlobalSection
EndGlobal
